
Microsoft Visual Studio Solution File, Format Version 12.00
# Visual Studio Version 16
VisualStudioVersion = 16.0.28803.352
MinimumVisualStudioVersion = 10.0.40219.1
Project("{FAE04EC0-301F-11D3-BF4B-00C04F79EFBC}") = "ExecToy5rm", "ExecToy5rm\ExecToy5rm.csproj", "{D777D5A9-BA97-413C-9B3B-C9E49384CA3B}"
EndProject
Global
	GlobalSection(SolutionConfigurationPlatforms) = preSolution
		Debug|Any CPU = Debug|Any CPU
		Release|Any CPU = Release|Any CPU
	EndGlobalSection
	GlobalSection(ProjectConfigurationPlatforms) = postSolution
		{D777D5A9-BA97-413C-9B3B-C9E49384CA3B}.Debug|Any CPU.ActiveCfg = Debug|Any CPU
		{D777D5A9-BA97-413C-9B3B-C9E49384CA3B}.Debug|Any CPU.Build.0 = Debug|Any CPU
		{D777D5A9-BA97-413C-9B3B-C9E49384CA3B}.Release|Any CPU.ActiveCfg = Release|Any CPU
		{D777D5A9-BA97-413C-9B3B-C9E49384CA3B}.Release|Any CPU.Build.0 = Release|Any CPU
	EndGlobalSection
	GlobalSection(SolutionProperties) = preSolution
		HideSolutionNode = FALSE
	EndGlobalSection
	GlobalSection(ExtensibilityGlobals) = postSolution
		SolutionGuid = {2B9165C9-8C23-44C8-BEDB-0A6B35D5B7FC}
	EndGlobalSection
EndGlobal
